
Microsoft Visual Studio Solution File, Format Version 12.00
# Visual Studio 2013
VisualStudioVersion = 12.0.30501.0
MinimumVisualStudioVersion = 10.0.40219.1
Project("{8BC9CEB8-8B4A-11D0-8D11-00A0C91BC942}") = "stat", "stat.vcxproj", "{E386DF33-D03A-46D5-AB52-E702DCF877E4}"
EndProject
Project("{8BC9CEB8-8B4A-11D0-8D11-00A0C91BC942}") = "copy", "copy.vcxproj", "{78986E15-4B28-4262-B7A7-7D8E6FC9EFAB}"
EndProject
Project("{8BC9CEB8-8B4A-11D0-8D11-00A0C91BC942}") = "dump", "dump.vcxproj", "{33ABB024-1260-40EC-B31C-50A749E68910}"
EndProject
Project("{8BC9CEB8-8B4A-11D0-8D11-00A0C91BC942}") = "video", "video.vcxproj", "{B12702AD-ABFB-343A-A199-8E24837244A3}"
EndProject
Project("{8BC9CEB8-8B4A-11D0-8D11-00A0C91BC942}") = "reindex", "reindex.vcxproj", "{C7E0E86D-D0C8-424E-9EC8-AC96CFDC90DF}"
EndProject
Global
	GlobalSection(SolutionConfigurationPlatforms) = preSolution
		Debug|ARM = Debug|ARM
		Debug|Win32 = Debug|Win32
		Debug|x64 = Debug|x64
		Release|ARM = Release|ARM
		Release|Win32 = Release|Win32
		Release|x64 = Release|x64
	EndGlobalSection
	GlobalSection(ProjectConfigurationPlatforms) = postSolution
		{E386DF33-D03A-46D5-AB52-E702DCF877E4}.Debug|ARM.ActiveCfg = Debug|Win32
		{E386DF33-D03A-46D5-AB52-E702DCF877E4}.Debug|Win32.ActiveCfg = Debug|Win32
		{E386DF33-D03A-46D5-AB52-E702DCF877E4}.Debug|Win32.Build.0 = Debug|Win32
		{E386DF33-D03A-46D5-AB52-E702DCF877E4}.Debug|x64.ActiveCfg = Debug|Win32
		{E386DF33-D03A-46D5-AB52-E702DCF877E4}.Release|ARM.ActiveCfg = Release|Win32
		{E386DF33-D03A-46D5-AB52-E702DCF877E4}.Release|Win32.ActiveCfg = Release|Win32
		{E386DF33-D03A-46D5-AB52-E702DCF877E4}.Release|Win32.Build.0 = Release|Win32
		{E386DF33-D03A-46D5-AB52-E702DCF877E4}.Release|x64.ActiveCfg = Release|Win32
		{78986E15-4B28-4262-B7A7-7D8E6FC9EFAB}.Debug|ARM.ActiveCfg = Debug|Win32
		{78986E15-4B28-4262-B7A7-7D8E6FC9EFAB}.Debug|Win32.ActiveCfg = Debug|Win32
		{78986E15-4B28-4262-B7A7-7D8E6FC9EFAB}.Debug|Win32.Build.0 = Debug|Win32
		{78986E15-4B28-4262-B7A7-7D8E6FC9EFAB}.Debug|x64.ActiveCfg = Debug|Win32
		{78986E15-4B28-4262-B7A7-7D8E6FC9EFAB}.Release|ARM.ActiveCfg = Release|Win32
		{78986E15-4B28-4262-B7A7-7D8E6FC9EFAB}.Release|Win32.ActiveCfg = Release|Win32
		{78986E15-4B28-4262-B7A7-7D8E6FC9EFAB}.Release|Win32.Build.0 = Release|Win32
		{78986E15-4B28-4262-B7A7-7D8E6FC9EFAB}.Release|x64.ActiveCfg = Release|Win32
		{33ABB024-1260-40EC-B31C-50A749E68910}.Debug|ARM.ActiveCfg = Debug|Win32
		{33ABB024-1260-40EC-B31C-50A749E68910}.Debug|Win32.ActiveCfg = Debug|Win32
		{33ABB024-1260-40EC-B31C-50A749E68910}.Debug|Win32.Build.0 = Debug|Win32
		{33ABB024-1260-40EC-B31C-50A749E68910}.Debug|x64.ActiveCfg = Debug|Win32
		{33ABB024-1260-40EC-B31C-50A749E68910}.Release|ARM.ActiveCfg = Release|Win32
		{33ABB024-1260-40EC-B31C-50A749E68910}.Release|Win32.ActiveCfg = Release|Win32
		{33ABB024-1260-40EC-B31C-50A749E68910}.Release|Win32.Build.0 = Release|Win32
		{33ABB024-1260-40EC-B31C-50A749E68910}.Release|x64.ActiveCfg = Release|Win32
		{B12702AD-ABFB-343A-A199-8E24837244A3}.Debug|ARM.ActiveCfg = Debug|Win32
		{B12702AD-ABFB-343A-A199-8E24837244A3}.Debug|Win32.ActiveCfg = Debug|Win32
		{B12702AD-ABFB-343A-A199-8E24837244A3}.Debug|Win32.Build.0 = Debug|Win32
		{B12702AD-ABFB-343A-A199-8E24837244A3}.Debug|x64.ActiveCfg = Debug|Win32
		{B12702AD-ABFB-343A-A199-8E24837244A3}.Release|ARM.ActiveCfg = Release|Win32
		{B12702AD-ABFB-343A-A199-8E24837244A3}.Release|Win32.ActiveCfg = Release|Win32
		{B12702AD-ABFB-343A-A199-8E24837244A3}.Release|Win32.Build.0 = Release|Win32
		{B12702AD-ABFB-343A-A199-8E24837244A3}.Release|x64.ActiveCfg = Release|Win32
		{C7E0E86D-D0C8-424E-9EC8-AC96CFDC90DF}.Debug|ARM.ActiveCfg = Debug|Win32
		{C7E0E86D-D0C8-424E-9EC8-AC96CFDC90DF}.Debug|Win32.ActiveCfg = Debug|Win32
		{C7E0E86D-D0C8-424E-9EC8-AC96CFDC90DF}.Debug|Win32.Build.0 = Debug|Win32
		{C7E0E86D-D0C8-424E-9EC8-AC96CFDC90DF}.Debug|x64.ActiveCfg = Debug|Win32
		{C7E0E86D-D0C8-424E-9EC8-AC96CFDC90DF}.Release|ARM.ActiveCfg = Release|Win32
		{C7E0E86D-D0C8-424E-9EC8-AC96CFDC90DF}.Release|Win32.ActiveCfg = Release|Win32
		{C7E0E86D-D0C8-424E-9EC8-AC96CFDC90DF}.Release|Win32.Build.0 = Release|Win32
		{C7E0E86D-D0C8-424E-9EC8-AC96CFDC90DF}.Release|x64.ActiveCfg = Release|Win32
	EndGlobalSection
	GlobalSection(SolutionProperties) = preSolution
		HideSolutionNode = FALSE
	EndGlobalSection
	GlobalSection(ExtensibilityGlobals) = postSolution
		Qt5Version = QT 5
	EndGlobalSection
EndGlobal
